
Microsoft Visual Studio Solution File, Format Version 11.00
# Visual Studio 2012
# SharpDevelop 5.1
Project("{FAE04EC0-301F-11D3-BF4B-00C04F79EFBC}") = "ImageInjector", "ImageInjector\ImageInjector.csproj", "{5739ED05-3084-44A6-8B0D-D48B72A353EC}"
EndProject
Global
	GlobalSection(SolutionConfigurationPlatforms) = preSolution
		Debug|Any CPU = Debug|Any CPU
		Release|Any CPU = Release|Any CPU
	EndGlobalSection
	GlobalSection(ProjectConfigurationPlatforms) = postSolution
		{5739ED05-3084-44A6-8B0D-D48B72A353EC}.Debug|Any CPU.ActiveCfg = Debug|Any CPU
		{5739ED05-3084-44A6-8B0D-D48B72A353EC}.Debug|Any CPU.Build.0 = Debug|Any CPU
		{5739ED05-3084-44A6-8B0D-D48B72A353EC}.Release|Any CPU.ActiveCfg = Release|Any CPU
		{5739ED05-3084-44A6-8B0D-D48B72A353EC}.Release|Any CPU.Build.0 = Release|Any CPU
	EndGlobalSection
EndGlobal
